// !$*UTF8*$!
{
	archiveVersion = 1;
	classes = {
	};
	objectVersion = 46;
	objects = {

/* Begin PBXBuildFile section */
		AE215D5B14447B6300A59C50 /* Foundation.framework in Frameworks */ = {isa = PBXBuildFile; fileRef = AE215D5A14447B6300A59C50 /* Foundation.framework */; };
		AE215D5D14447B6300A59C50 /* UIKit.framework in Frameworks */ = {isa = PBXBuildFile; fileRef = AE215D5C14447B6300A59C50 /* UIKit.framework */; };
		AE215D5F14447B6300A59C50 /* CoreGraphics.framework in Frameworks */ = {isa = PBXBuildFile; fileRef = AE215D5E14447B6300A59C50 /* CoreGraphics.framework */; };
		AE215D6114447B6300A59C50 /* AddressBook.framework in Frameworks */ = {isa = PBXBuildFile; fileRef = AE215D6014447B6300A59C50 /* AddressBook.framework */; };
		AE215D6314447B6300A59C50 /* AddressBookUI.framework in Frameworks */ = {isa = PBXBuildFile; fileRef = AE215D6214447B6300A59C50 /* AddressBookUI.framework */; };
		AE215D6514447B6300A59C50 /* AudioToolbox.framework in Frameworks */ = {isa = PBXBuildFile; fileRef = AE215D6414447B6300A59C50 /* AudioToolbox.framework */; };
		AE215D6714447B6300A59C50 /* AVFoundation.framework in Frameworks */ = {isa = PBXBuildFile; fileRef = AE215D6614447B6300A59C50 /* AVFoundation.framework */; };
		AE215D6914447B6300A59C50 /* CoreLocation.framework in Frameworks */ = {isa = PBXBuildFile; fileRef = AE215D6814447B6300A59C50 /* CoreLocation.framework */; };
		AE215D6B14447B6300A59C50 /* MediaPlayer.framework in Frameworks */ = {isa = PBXBuildFile; fileRef = AE215D6A14447B6300A59C50 /* MediaPlayer.framework */; };
		AE215D6D14447B6300A59C50 /* QuartzCore.framework in Frameworks */ = {isa = PBXBuildFile; fileRef = AE215D6C14447B6300A59C50 /* QuartzCore.framework */; };
		AE215D6F14447B6300A59C50 /* SystemConfiguration.framework in Frameworks */ = {isa = PBXBuildFile; fileRef = AE215D6E14447B6300A59C50 /* SystemConfiguration.framework */; };
		AE215D7114447B6300A59C50 /* MobileCoreServices.framework in Frameworks */ = {isa = PBXBuildFile; fileRef = AE215D7014447B6300A59C50 /* MobileCoreServices.framework */; };
		AE215D7314447B6300A59C50 /* CoreMedia.framework in Frameworks */ = {isa = PBXBuildFile; fileRef = AE215D7214447B6300A59C50 /* CoreMedia.framework */; };
		AE215D7914447B6300A59C50 /* InfoPlist.strings in Resources */ = {isa = PBXBuildFile; fileRef = AE215D7714447B6300A59C50 /* InfoPlist.strings */; };
		AE215D7B14447B6300A59C50 /* main.m in Sources */ = {isa = PBXBuildFile; fileRef = AE215D7A14447B6300A59C50 /* main.m */; };
		AE215D7E14447B6300A59C50 /* PhoneGap.framework in Frameworks */ = {isa = PBXBuildFile; fileRef = AE215D7D14447B6300A59C50 /* PhoneGap.framework */; };
		AE215D8314447B6300A59C50 /* Localizable.strings in Resources */ = {isa = PBXBuildFile; fileRef = AE215D8114447B6300A59C50 /* Localizable.strings */; };
		AE215D8714447B6300A59C50 /* Localizable.strings in Resources */ = {isa = PBXBuildFile; fileRef = AE215D8514447B6300A59C50 /* Localizable.strings */; };
		AE215D8A14447B6300A59C50 /* icon.png in Resources */ = {isa = PBXBuildFile; fileRef = AE215D8914447B6300A59C50 /* icon.png */; };
		AE215D8C14447B6300A59C50 /* icon@2x.png in Resources */ = {isa = PBXBuildFile; fileRef = AE215D8B14447B6300A59C50 /* icon@2x.png */; };
		AE215D8E14447B6300A59C50 /* icon-72.png in Resources */ = {isa = PBXBuildFile; fileRef = AE215D8D14447B6300A59C50 /* icon-72.png */; };
		AE215D9114447B6300A59C50 /* Default.png in Resources */ = {isa = PBXBuildFile; fileRef = AE215D9014447B6300A59C50 /* Default.png */; };
		AE215D9314447B6300A59C50 /* Default@2x.png in Resources */ = {isa = PBXBuildFile; fileRef = AE215D9214447B6300A59C50 /* Default@2x.png */; };
		AE215D9514447B6300A59C50 /* Capture.bundle in Resources */ = {isa = PBXBuildFile; fileRef = AE215D9414447B6300A59C50 /* Capture.bundle */; };
		AE215D9714447B6300A59C50 /* PhoneGap.plist in Resources */ = {isa = PBXBuildFile; fileRef = AE215D9614447B6300A59C50 /* PhoneGap.plist */; };
		AE215D9B14447B6300A59C50 /* AppDelegate.m in Sources */ = {isa = PBXBuildFile; fileRef = AE215D9A14447B6300A59C50 /* AppDelegate.m */; };
		AE215DA414447BB800A59C50 /* www in Resources */ = {isa = PBXBuildFile; fileRef = AE215DA314447BB800A59C50 /* www */; };
/* End PBXBuildFile section */

/* Begin PBXFileReference section */
		AE215D5614447B6300A59C50 /* MASAS Mobile.app */ = {isa = PBXFileReference; explicitFileType = wrapper.application; includeInIndex = 0; path = "MASAS Mobile.app"; sourceTree = BUILT_PRODUCTS_DIR; };
		AE215D5A14447B6300A59C50 /* Foundation.framework */ = {isa = PBXFileReference; lastKnownFileType = wrapper.framework; name = Foundation.framework; path = System/Library/Frameworks/Foundation.framework; sourceTree = SDKROOT; };
		AE215D5C14447B6300A59C50 /* UIKit.framework */ = {isa = PBXFileReference; lastKnownFileType = wrapper.framework; name = UIKit.framework; path = System/Library/Frameworks/UIKit.framework; sourceTree = SDKROOT; };
		AE215D5E14447B6300A59C50 /* CoreGraphics.framework */ = {isa = PBXFileReference; lastKnownFileType = wrapper.framework; name = CoreGraphics.framework; path = System/Library/Frameworks/CoreGraphics.framework; sourceTree = SDKROOT; };
		AE215D6014447B6300A59C50 /* AddressBook.framework */ = {isa = PBXFileReference; lastKnownFileType = wrapper.framework; name = AddressBook.framework; path = System/Library/Frameworks/AddressBook.framework; sourceTree = SDKROOT; };
		AE215D6214447B6300A59C50 /* AddressBookUI.framework */ = {isa = PBXFileReference; lastKnownFileType = wrapper.framework; name = AddressBookUI.framework; path = System/Library/Frameworks/AddressBookUI.framework; sourceTree = SDKROOT; };
		AE215D6414447B6300A59C50 /* AudioToolbox.framework */ = {isa = PBXFileReference; lastKnownFileType = wrapper.framework; name = AudioToolbox.framework; path = System/Library/Frameworks/AudioToolbox.framework; sourceTree = SDKROOT; };
		AE215D6614447B6300A59C50 /* AVFoundation.framework */ = {isa = PBXFileReference; lastKnownFileType = wrapper.framework; name = AVFoundation.framework; path = System/Library/Frameworks/AVFoundation.framework; sourceTree = SDKROOT; };
		AE215D6814447B6300A59C50 /* CoreLocation.framework */ = {isa = PBXFileReference; lastKnownFileType = wrapper.framework; name = CoreLocation.framework; path = System/Library/Frameworks/CoreLocation.framework; sourceTree = SDKROOT; };
		AE215D6A14447B6300A59C50 /* MediaPlayer.framework */ = {isa = PBXFileReference; lastKnownFileType = wrapper.framework; name = MediaPlayer.framework; path = System/Library/Frameworks/MediaPlayer.framework; sourceTree = SDKROOT; };
		AE215D6C14447B6300A59C50 /* QuartzCore.framework */ = {isa = PBXFileReference; lastKnownFileType = wrapper.framework; name = QuartzCore.framework; path = System/Library/Frameworks/QuartzCore.framework; sourceTree = SDKROOT; };
		AE215D6E14447B6300A59C50 /* SystemConfiguration.framework */ = {isa = PBXFileReference; lastKnownFileType = wrapper.framework; name = SystemConfiguration.framework; path = System/Library/Frameworks/SystemConfiguration.framework; sourceTree = SDKROOT; };
		AE215D7014447B6300A59C50 /* MobileCoreServices.framework */ = {isa = PBXFileReference; lastKnownFileType = wrapper.framework; name = MobileCoreServices.framework; path = System/Library/Frameworks/MobileCoreServices.framework; sourceTree = SDKROOT; };
		AE215D7214447B6300A59C50 /* CoreMedia.framework */ = {isa = PBXFileReference; lastKnownFileType = wrapper.framework; name = CoreMedia.framework; path = System/Library/Frameworks/CoreMedia.framework; sourceTree = SDKROOT; };
		AE215D7614447B6300A59C50 /* MASAS Mobile-Info.plist */ = {isa = PBXFileReference; lastKnownFileType = text.plist.xml; path = "MASAS Mobile-Info.plist"; sourceTree = "<group>"; };
		AE215D7814447B6300A59C50 /* en */ = {isa = PBXFileReference; lastKnownFileType = text.plist.strings; name = en; path = en.lproj/InfoPlist.strings; sourceTree = "<group>"; };
		AE215D7A14447B6300A59C50 /* main.m */ = {isa = PBXFileReference; lastKnownFileType = sourcecode.c.objc; path = main.m; sourceTree = "<group>"; };
		AE215D7C14447B6300A59C50 /* MASAS Mobile-Prefix.pch */ = {isa = PBXFileReference; lastKnownFileType = sourcecode.c.h; path = "MASAS Mobile-Prefix.pch"; sourceTree = "<group>"; };
		AE215D7D14447B6300A59C50 /* PhoneGap.framework */ = {isa = PBXFileReference; lastKnownFileType = wrapper.framework; name = PhoneGap.framework; path = /Users/Shared/PhoneGap/Frameworks/PhoneGap.framework; sourceTree = "<absolute>"; };
		AE215D8214447B6300A59C50 /* en */ = {isa = PBXFileReference; lastKnownFileType = text.plist.strings; name = en; path = Resources/en.lproj/Localizable.strings; sourceTree = "<group>"; };
		AE215D8614447B6300A59C50 /* es */ = {isa = PBXFileReference; lastKnownFileType = text.plist.strings; name = es; path = Resources/es.lproj/Localizable.strings; sourceTree = "<group>"; };
		AE215D8914447B6300A59C50 /* icon.png */ = {isa = PBXFileReference; lastKnownFileType = image.png; name = icon.png; path = Resources/icons/icon.png; sourceTree = "<group>"; };
		AE215D8B14447B6300A59C50 /* icon@2x.png */ = {isa = PBXFileReference; lastKnownFileType = image.png; name = "icon@2x.png"; path = "Resources/icons/icon@2x.png"; sourceTree = "<group>"; };
		AE215D8D14447B6300A59C50 /* icon-72.png */ = {isa = PBXFileReference; lastKnownFileType = image.png; name = "icon-72.png"; path = "Resources/icons/icon-72.png"; sourceTree = "<group>"; };
		AE215D9014447B6300A59C50 /* Default.png */ = {isa = PBXFileReference; lastKnownFileType = image.png; name = Default.png; path = Resources/splash/Default.png; sourceTree = "<group>"; };
		AE215D9214447B6300A59C50 /* Default@2x.png */ = {isa = PBXFileReference; lastKnownFileType = image.png; name = "Default@2x.png"; path = "Resources/splash/Default@2x.png"; sourceTree = "<group>"; };
		AE215D9414447B6300A59C50 /* Capture.bundle */ = {isa = PBXFileReference; lastKnownFileType = "wrapper.plug-in"; name = Capture.bundle; path = Resources/Capture.bundle; sourceTree = "<group>"; };
		AE215D9614447B6300A59C50 /* PhoneGap.plist */ = {isa = PBXFileReference; lastKnownFileType = text.plist.xml; path = PhoneGap.plist; sourceTree = "<group>"; };
		AE215D9914447B6300A59C50 /* AppDelegate.h */ = {isa = PBXFileReference; lastKnownFileType = sourcecode.c.h; name = AppDelegate.h; path = Classes/AppDelegate.h; sourceTree = "<group>"; };
		AE215D9A14447B6300A59C50 /* AppDelegate.m */ = {isa = PBXFileReference; lastKnownFileType = sourcecode.c.objc; name = AppDelegate.m; path = Classes/AppDelegate.m; sourceTree = "<group>"; };
		AE215D9D14447B6300A59C50 /* README */ = {isa = PBXFileReference; lastKnownFileType = text; name = README; path = Plugins/README; sourceTree = "<group>"; };
		AE215DA314447BB800A59C50 /* www */ = {isa = PBXFileReference; lastKnownFileType = folder; path = www; sourceTree = "<group>"; };
/* End PBXFileReference section */

/* Begin PBXFrameworksBuildPhase section */
		AE215D5014447B6300A59C50 /* Frameworks */ = {
			isa = PBXFrameworksBuildPhase;
			buildActionMask = 2147483647;
			files = (
				AE215D5B14447B6300A59C50 /* Foundation.framework in Frameworks */,
				AE215D5D14447B6300A59C50 /* UIKit.framework in Frameworks */,
				AE215D5F14447B6300A59C50 /* CoreGraphics.framework in Frameworks */,
				AE215D6114447B6300A59C50 /* AddressBook.framework in Frameworks */,
				AE215D6314447B6300A59C50 /* AddressBookUI.framework in Frameworks */,
				AE215D6514447B6300A59C50 /* AudioToolbox.framework in Frameworks */,
				AE215D6714447B6300A59C50 /* AVFoundation.framework in Frameworks */,
				AE215D6914447B6300A59C50 /* CoreLocation.framework in Frameworks */,
				AE215D6B14447B6300A59C50 /* MediaPlayer.framework in Frameworks */,
				AE215D6D14447B6300A59C50 /* QuartzCore.framework in Frameworks */,
				AE215D6F14447B6300A59C50 /* SystemConfiguration.framework in Frameworks */,
				AE215D7114447B6300A59C50 /* MobileCoreServices.framework in Frameworks */,
				AE215D7314447B6300A59C50 /* CoreMedia.framework in Frameworks */,
				AE215D7E14447B6300A59C50 /* PhoneGap.framework in Frameworks */,
			);
			runOnlyForDeploymentPostprocessing = 0;
		};
		AE215D5314447B6300A59C50 /* Frameworks */ = {
			isa = PBXFrameworksBuildPhase;
			buildActionMask = 2147483647;
			files = (
			);
			runOnlyForDeploymentPostprocessing = 0;
		};
/* End PBXFrameworksBuildPhase section */

/* Begin PBXGroup section */
		AE215D4814447B6300A59C50 = {
			isa = PBXGroup;
			children = (
				AE215DA314447BB800A59C50 /* www */,
				AE215D7414447B6300A59C50 /* MASAS Mobile */,
				AE215D5914447B6300A59C50 /* Frameworks */,
				AE215D5714447B6300A59C50 /* Products */,
			);
			sourceTree = "<group>";
		};
		AE215D5714447B6300A59C50 /* Products */ = {
			isa = PBXGroup;
			children = (
				AE215D5614447B6300A59C50 /* MASAS Mobile.app */,
			);
			name = Products;
			sourceTree = "<group>";
		};
		AE215D5914447B6300A59C50 /* Frameworks */ = {
			isa = PBXGroup;
			children = (
				AE215D5A14447B6300A59C50 /* Foundation.framework */,
				AE215D5C14447B6300A59C50 /* UIKit.framework */,
				AE215D5E14447B6300A59C50 /* CoreGraphics.framework */,
				AE215D6014447B6300A59C50 /* AddressBook.framework */,
				AE215D6214447B6300A59C50 /* AddressBookUI.framework */,
				AE215D6414447B6300A59C50 /* AudioToolbox.framework */,
				AE215D6614447B6300A59C50 /* AVFoundation.framework */,
				AE215D6814447B6300A59C50 /* CoreLocation.framework */,
				AE215D6A14447B6300A59C50 /* MediaPlayer.framework */,
				AE215D6C14447B6300A59C50 /* QuartzCore.framework */,
				AE215D6E14447B6300A59C50 /* SystemConfiguration.framework */,
				AE215D7014447B6300A59C50 /* MobileCoreServices.framework */,
				AE215D7214447B6300A59C50 /* CoreMedia.framework */,
			);
			name = Frameworks;
			sourceTree = "<group>";
		};
		AE215D7414447B6300A59C50 /* MASAS Mobile */ = {
			isa = PBXGroup;
			children = (
				AE215D7D14447B6300A59C50 /* PhoneGap.framework */,
				AE215D7F14447B6300A59C50 /* Resources */,
				AE215D9814447B6300A59C50 /* Classes */,
				AE215D9C14447B6300A59C50 /* Plugins */,
				AE215D7514447B6300A59C50 /* Supporting Files */,
			);
			path = "MASAS Mobile";
			sourceTree = "<group>";
		};
		AE215D7514447B6300A59C50 /* Supporting Files */ = {
			isa = PBXGroup;
			children = (
				AE215D7614447B6300A59C50 /* MASAS Mobile-Info.plist */,
				AE215D7714447B6300A59C50 /* InfoPlist.strings */,
				AE215D7A14447B6300A59C50 /* main.m */,
				AE215D7C14447B6300A59C50 /* MASAS Mobile-Prefix.pch */,
				AE215D9614447B6300A59C50 /* PhoneGap.plist */,
			);
			name = "Supporting Files";
			sourceTree = "<group>";
		};
		AE215D7F14447B6300A59C50 /* Resources */ = {
			isa = PBXGroup;
			children = (
				AE215D9414447B6300A59C50 /* Capture.bundle */,
				AE215D8014447B6300A59C50 /* en.lproj */,
				AE215D8414447B6300A59C50 /* es.lproj */,
				AE215D8814447B6300A59C50 /* icons */,
				AE215D8F14447B6300A59C50 /* splash */,
			);
			name = Resources;
			sourceTree = "<group>";
		};
		AE215D8014447B6300A59C50 /* en.lproj */ = {
			isa = PBXGroup;
			children = (
				AE215D8114447B6300A59C50 /* Localizable.strings */,
			);
			name = en.lproj;
			sourceTree = "<group>";
		};
		AE215D8414447B6300A59C50 /* es.lproj */ = {
			isa = PBXGroup;
			children = (
				AE215D8514447B6300A59C50 /* Localizable.strings */,
			);
			name = es.lproj;
			sourceTree = "<group>";
		};
		AE215D8814447B6300A59C50 /* icons */ = {
			isa = PBXGroup;
			children = (
				AE215D8914447B6300A59C50 /* icon.png */,
				AE215D8B14447B6300A59C50 /* icon@2x.png */,
				AE215D8D14447B6300A59C50 /* icon-72.png */,
			);
			name = icons;
			sourceTree = "<group>";
		};
		AE215D8F14447B6300A59C50 /* splash */ = {
			isa = PBXGroup;
			children = (
				AE215D9014447B6300A59C50 /* Default.png */,
				AE215D9214447B6300A59C50 /* Default@2x.png */,
			);
			name = splash;
			sourceTree = "<group>";
		};
		AE215D9814447B6300A59C50 /* Classes */ = {
			isa = PBXGroup;
			children = (
				AE215D9914447B6300A59C50 /* AppDelegate.h */,
				AE215D9A14447B6300A59C50 /* AppDelegate.m */,
			);
			name = Classes;
			sourceTree = "<group>";
		};
		AE215D9C14447B6300A59C50 /* Plugins */ = {
			isa = PBXGroup;
			children = (
				AE215D9D14447B6300A59C50 /* README */,
			);
			name = Plugins;
			sourceTree = "<group>";
		};
/* End PBXGroup section */

/* Begin PBXNativeTarget section */
		AE215D5514447B6300A59C50 /* MASAS Mobile */ = {
			isa = PBXNativeTarget;
			buildConfigurationList = AE215DA014447B6300A59C50 /* Build configuration list for PBXNativeTarget "MASAS Mobile" */;
			buildPhases = (
				AE215D4F14447B6300A59C50 /* Sources */,
				AE215D5014447B6300A59C50 /* Frameworks */,
				AE215D5114447B6300A59C50 /* Resources */,
				AE215D5214447B6300A59C50 /* Sources */,
				AE215D5314447B6300A59C50 /* Frameworks */,
				AE215D5414447B6300A59C50 /* ShellScript */,
			);
			buildRules = (
			);
			dependencies = (
			);
			name = "MASAS Mobile";
			productName = "MASAS Mobile";
			productReference = AE215D5614447B6300A59C50 /* MASAS Mobile.app */;
			productType = "com.apple.product-type.application";
		};
/* End PBXNativeTarget section */

/* Begin PBXProject section */
		AE215D4A14447B6300A59C50 /* Project object */ = {
			isa = PBXProject;
			attributes = {
				LastUpgradeCheck = 0420;
			};
			buildConfigurationList = AE215D4D14447B6300A59C50 /* Build configuration list for PBXProject "MASAS Mobile" */;
			compatibilityVersion = "Xcode 3.2";
			developmentRegion = English;
			hasScannedForEncodings = 0;
			knownRegions = (
				en,
				es,
			);
			mainGroup = AE215D4814447B6300A59C50;
			productRefGroup = AE215D5714447B6300A59C50 /* Products */;
			projectDirPath = "";
			projectRoot = "";
			targets = (
				AE215D5514447B6300A59C50 /* MASAS Mobile */,
			);
		};
/* End PBXProject section */

/* Begin PBXResourcesBuildPhase section */
		AE215D5114447B6300A59C50 /* Resources */ = {
			isa = PBXResourcesBuildPhase;
			buildActionMask = 2147483647;
			files = (
				AE215D7914447B6300A59C50 /* InfoPlist.strings in Resources */,
				AE215D8314447B6300A59C50 /* Localizable.strings in Resources */,
				AE215D8714447B6300A59C50 /* Localizable.strings in Resources */,
				AE215D8A14447B6300A59C50 /* icon.png in Resources */,
				AE215D8C14447B6300A59C50 /* icon@2x.png in Resources */,
				AE215D8E14447B6300A59C50 /* icon-72.png in Resources */,
				AE215D9114447B6300A59C50 /* Default.png in Resources */,
				AE215D9314447B6300A59C50 /* Default@2x.png in Resources */,
				AE215D9514447B6300A59C50 /* Capture.bundle in Resources */,
				AE215D9714447B6300A59C50 /* PhoneGap.plist in Resources */,
				AE215DA414447BB800A59C50 /* www in Resources */,
			);
			runOnlyForDeploymentPostprocessing = 0;
		};
/* End PBXResourcesBuildPhase section */

/* Begin PBXShellScriptBuildPhase section */
		AE215D5414447B6300A59C50 /* ShellScript */ = {
			isa = PBXShellScriptBuildPhase;
			buildActionMask = 2147483647;
			files = (
			);
			inputPaths = (
			);
			outputPaths = (
			);
			runOnlyForDeploymentPostprocessing = 0;
			shellPath = /bin/bash;
			shellScript = "\n\t\t\t\t\t\t\t\tif [ ! -d \"$PROJECT_DIR/www\" ] ; then\n\t\t\t\t\t\t\t\t\tcp -R /Users/Shared/PhoneGap/Frameworks/PhoneGap.framework/www \"$PROJECT_DIR\"\n\t\t\t\t\t\t\t\tfi\n\t\t\t\t\t\t\t\t# detect www folder reference in project, if missing, print warning\n\t\t\t\t\t\t\t\tgrep \"{isa = PBXFileReference; lastKnownFileType = folder; path = www; sourceTree = \\\"<group>\\\"; };\" \"$PROJECT_DIR/$PROJECT_NAME.xcodeproj/project.pbxproj\"\n\t\t\t\t\t\t\t\trc=$? \n\t\t\t\t\t\t\t\tif [ $rc != 0 ] ; then\n\t\t\t\t\t\t\t\techo -e \"warning: Missing - Add $PROJECT_DIR/www as a folder reference in your project. Just drag and drop the folder into your project, into the Project Navigator of Xcode 4. Make sure you select the second radio-button: 'Create folder references for any added folders' (which will create a blue folder)\" 1>&2\n\t\t\t\t\t\t\t\tfi\t\t\t\t\t\t\t";
		};
/* End PBXShellScriptBuildPhase section */

/* Begin PBXSourcesBuildPhase section */
		AE215D4F14447B6300A59C50 /* Sources */ = {
			isa = PBXSourcesBuildPhase;
			buildActionMask = 2147483647;
			files = (
				AE215D7B14447B6300A59C50 /* main.m in Sources */,
				AE215D9B14447B6300A59C50 /* AppDelegate.m in Sources */,
			);
			runOnlyForDeploymentPostprocessing = 0;
		};
		AE215D5214447B6300A59C50 /* Sources */ = {
			isa = PBXSourcesBuildPhase;
			buildActionMask = 2147483647;
			files = (
			);
			runOnlyForDeploymentPostprocessing = 0;
		};
/* End PBXSourcesBuildPhase section */

/* Begin PBXVariantGroup section */
		AE215D7714447B6300A59C50 /* InfoPlist.strings */ = {
			isa = PBXVariantGroup;
			children = (
				AE215D7814447B6300A59C50 /* en */,
			);
			name = InfoPlist.strings;
			sourceTree = "<group>";
		};
		AE215D8114447B6300A59C50 /* Localizable.strings */ = {
			isa = PBXVariantGroup;
			children = (
				AE215D8214447B6300A59C50 /* en */,
			);
			name = Localizable.strings;
			sourceTree = "<group>";
		};
		AE215D8514447B6300A59C50 /* Localizable.strings */ = {
			isa = PBXVariantGroup;
			children = (
				AE215D8614447B6300A59C50 /* es */,
			);
			name = Localizable.strings;
			sourceTree = "<group>";
		};
/* End PBXVariantGroup section */

/* Begin XCBuildConfiguration section */
		AE215D9E14447B6300A59C50 /* Debug */ = {
			isa = XCBuildConfiguration;
			buildSettings = {
				ALWAYS_SEARCH_USER_PATHS = NO;
				ARCHS = "$(ARCHS_STANDARD_32_BIT)";
				"CODE_SIGN_IDENTITY[sdk=iphoneos*]" = "iPhone Developer";
				COPY_PHASE_STRIP = NO;
				GCC_C_LANGUAGE_STANDARD = gnu99;
				GCC_DYNAMIC_NO_PIC = NO;
				GCC_OPTIMIZATION_LEVEL = 0;
				GCC_PREPROCESSOR_DEFINITIONS = (
					"DEBUG=1",
					"$(inherited)",
				);
				GCC_SYMBOLS_PRIVATE_EXTERN = NO;
				GCC_VERSION = com.apple.compilers.llvmgcc42;
				GCC_WARN_ABOUT_MISSING_PROTOTYPES = YES;
				GCC_WARN_ABOUT_RETURN_TYPE = YES;
				GCC_WARN_UNUSED_VARIABLE = YES;
				IPHONEOS_DEPLOYMENT_TARGET = 3.0;
				SDKROOT = iphoneos;
			};
			name = Debug;
		};
		AE215D9F14447B6300A59C50 /* Release */ = {
			isa = XCBuildConfiguration;
			buildSettings = {
				ALWAYS_SEARCH_USER_PATHS = NO;
				ARCHS = "$(ARCHS_STANDARD_32_BIT)";
				"CODE_SIGN_IDENTITY[sdk=iphoneos*]" = "iPhone Developer";
				COPY_PHASE_STRIP = YES;
				GCC_C_LANGUAGE_STANDARD = gnu99;
				GCC_VERSION = com.apple.compilers.llvmgcc42;
				GCC_WARN_ABOUT_MISSING_PROTOTYPES = YES;
				GCC_WARN_ABOUT_RETURN_TYPE = YES;
				GCC_WARN_UNUSED_VARIABLE = YES;
				IPHONEOS_DEPLOYMENT_TARGET = 3.0;
				SDKROOT = iphoneos;
				VALIDATE_PRODUCT = YES;
			};
			name = Release;
		};
		AE215DA114447B6300A59C50 /* Debug */ = {
			isa = XCBuildConfiguration;
			buildSettings = {
				ALWAYS_SEARCH_USER_PATHS = YES;
				COPY_PHASE_STRIP = NO;
				FRAMEWORK_SEARCH_PATHS = /Users/Shared/PhoneGap/Frameworks;
				GCC_DYNAMIC_NO_PIC = NO;
				GCC_PRECOMPILE_PREFIX_HEADER = YES;
				GCC_PREFIX_HEADER = "MASAS Mobile/MASAS Mobile-Prefix.pch";
				GCC_PREPROCESSOR_DEFINITIONS = "PHONEGAP_FRAMEWORK=YES";
				GCC_VERSION = com.apple.compilers.llvm.clang.1_0;
				INFOPLIST_FILE = "MASAS Mobile/MASAS Mobile-Info.plist";
				OTHER_LDFLAGS = (
					"-weak_framework",
					UIKit,
					"-weak_framework",
					AVFoundation,
					"-weak_framework",
					CoreMedia,
					"-weak_library",
					/usr/lib/libSystem.B.dylib,
				);
				PRODUCT_NAME = "$(TARGET_NAME)";
				TARGETED_DEVICE_FAMILY = "1,2";
				WRAPPER_EXTENSION = app;
			};
			name = Debug;
		};
		AE215DA214447B6300A59C50 /* Release */ = {
			isa = XCBuildConfiguration;
			buildSettings = {
				ALWAYS_SEARCH_USER_PATHS = YES;
				COPY_PHASE_STRIP = YES;
				DEBUG_INFORMATION_FORMAT = "dwarf-with-dsym";
				FRAMEWORK_SEARCH_PATHS = /Users/Shared/PhoneGap/Frameworks;
				GCC_PRECOMPILE_PREFIX_HEADER = YES;
				GCC_PREFIX_HEADER = "MASAS Mobile/MASAS Mobile-Prefix.pch";
				GCC_PREPROCESSOR_DEFINITIONS = "PHONEGAP_FRAMEWORK=YES";
				GCC_VERSION = com.apple.compilers.llvm.clang.1_0;
				INFOPLIST_FILE = "MASAS Mobile/MASAS Mobile-Info.plist";
				OTHER_LDFLAGS = (
					"-weak_framework",
					UIKit,
					"-weak_framework",
					AVFoundation,
					"-weak_framework",
					CoreMedia,
					"-weak_library",
					/usr/lib/libSystem.B.dylib,
				);
				PRODUCT_NAME = "$(TARGET_NAME)";
				TARGETED_DEVICE_FAMILY = "1,2";
				VALIDATE_PRODUCT = YES;
				WRAPPER_EXTENSION = app;
			};
			name = Release;
		};
		AEBD8AB714C5C42E004C9657 /* Ad Hoc */ = {
			isa = XCBuildConfiguration;
			buildSettings = {
				ALWAYS_SEARCH_USER_PATHS = NO;
				ARCHS = "$(ARCHS_STANDARD_32_BIT)";
				"CODE_SIGN_IDENTITY[sdk=iphoneos*]" = "iPhone Developer";
				COPY_PHASE_STRIP = YES;
				GCC_C_LANGUAGE_STANDARD = gnu99;
				GCC_VERSION = com.apple.compilers.llvmgcc42;
				GCC_WARN_ABOUT_MISSING_PROTOTYPES = YES;
				GCC_WARN_ABOUT_RETURN_TYPE = YES;
				GCC_WARN_UNUSED_VARIABLE = YES;
				IPHONEOS_DEPLOYMENT_TARGET = 3.0;
				SDKROOT = iphoneos;
				VALIDATE_PRODUCT = YES;
			};
			name = "Ad Hoc";
		};
		AEBD8AB814C5C42E004C9657 /* Ad Hoc */ = {
			isa = XCBuildConfiguration;
			buildSettings = {
				ALWAYS_SEARCH_USER_PATHS = YES;
				COPY_PHASE_STRIP = YES;
				DEBUG_INFORMATION_FORMAT = "dwarf-with-dsym";
				FRAMEWORK_SEARCH_PATHS = /Users/Shared/PhoneGap/Frameworks;
				GCC_PRECOMPILE_PREFIX_HEADER = YES;
				GCC_PREFIX_HEADER = "MASAS Mobile/MASAS Mobile-Prefix.pch";
				GCC_PREPROCESSOR_DEFINITIONS = "PHONEGAP_FRAMEWORK=YES";
				GCC_VERSION = com.apple.compilers.llvm.clang.1_0;
				INFOPLIST_FILE = "MASAS Mobile/MASAS Mobile-Info.plist";
				OTHER_LDFLAGS = (
					"-weak_framework",
					UIKit,
					"-weak_framework",
					AVFoundation,
					"-weak_framework",
					CoreMedia,
					"-weak_library",
					/usr/lib/libSystem.B.dylib,
				);
				PRODUCT_NAME = "$(TARGET_NAME)";
				TARGETED_DEVICE_FAMILY = "1,2";
				VALIDATE_PRODUCT = YES;
				WRAPPER_EXTENSION = app;
			};
			name = "Ad Hoc";
		};
/* End XCBuildConfiguration section */

/* Begin XCConfigurationList section */
		AE215D4D14447B6300A59C50 /* Build configuration list for PBXProject "MASAS Mobile" */ = {
			isa = XCConfigurationList;
			buildConfigurations = (
				AE215D9E14447B6300A59C50 /* Debug */,
				AE215D9F14447B6300A59C50 /* Release */,
				AEBD8AB714C5C42E004C9657 /* Ad Hoc */,
			);
			defaultConfigurationIsVisible = 0;
			defaultConfigurationName = Release;
		};
		AE215DA014447B6300A59C50 /* Build configuration list for PBXNativeTarget "MASAS Mobile" */ = {
			isa = XCConfigurationList;
			buildConfigurations = (
				AE215DA114447B6300A59C50 /* Debug */,
				AE215DA214447B6300A59C50 /* Release */,
				AEBD8AB814C5C42E004C9657 /* Ad Hoc */,
			);
			defaultConfigurationIsVisible = 0;
			defaultConfigurationName = Release;
		};
/* End XCConfigurationList section */
	};
	rootObject = AE215D4A14447B6300A59C50 /* Project object */;
}
